
Microsoft Visual Studio Solution File, Format Version 12.00
# Visual Studio Version 17
VisualStudioVersion = 17.7.34018.315
MinimumVisualStudioVersion = 10.0.40219.1
Project("{FAE04EC0-301F-11D3-BF4B-00C04F79EFBC}") = "ConsoleApp1", "ConsoleApp1\ConsoleApp1.csproj", "{8AD4BBB0-1788-4649-858A-FCDB5BD60737}"
EndProject
Project("{FAE04EC0-301F-11D3-BF4B-00C04F79EFBC}") = "MatrixTests", "MatrixTests\MatrixTests.csproj", "{C025A34F-5BC7-4C1B-B5F1-F27F2ABD74FD}"
EndProject
Global
	GlobalSection(SolutionConfigurationPlatforms) = preSolution
		Debug|Any CPU = Debug|Any CPU
		Release|Any CPU = Release|Any CPU
	EndGlobalSection
	GlobalSection(ProjectConfigurationPlatforms) = postSolution
		{8AD4BBB0-1788-4649-858A-FCDB5BD60737}.Debug|Any CPU.ActiveCfg = Debug|Any CPU
		{8AD4BBB0-1788-4649-858A-FCDB5BD60737}.Debug|Any CPU.Build.0 = Debug|Any CPU
		{8AD4BBB0-1788-4649-858A-FCDB5BD60737}.Release|Any CPU.ActiveCfg = Release|Any CPU
		{8AD4BBB0-1788-4649-858A-FCDB5BD60737}.Release|Any CPU.Build.0 = Release|Any CPU
		{C025A34F-5BC7-4C1B-B5F1-F27F2ABD74FD}.Debug|Any CPU.ActiveCfg = Debug|Any CPU
		{C025A34F-5BC7-4C1B-B5F1-F27F2ABD74FD}.Debug|Any CPU.Build.0 = Debug|Any CPU
		{C025A34F-5BC7-4C1B-B5F1-F27F2ABD74FD}.Release|Any CPU.ActiveCfg = Release|Any CPU
		{C025A34F-5BC7-4C1B-B5F1-F27F2ABD74FD}.Release|Any CPU.Build.0 = Release|Any CPU
	EndGlobalSection
	GlobalSection(SolutionProperties) = preSolution
		HideSolutionNode = FALSE
	EndGlobalSection
	GlobalSection(ExtensibilityGlobals) = postSolution
		SolutionGuid = {81D5B817-F59C-4412-BA4F-0599645889ED}
	EndGlobalSection
EndGlobal
